
Microsoft Visual Studio Solution File, Format Version 12.00
# Visual Studio Version 17
VisualStudioVersion = 17.7.34031.279
MinimumVisualStudioVersion = 10.0.40219.1
Project("{FAE04EC0-301F-11D3-BF4B-00C04F79EFBC}") = "Freelancer_Marketplace", "Freelancer_Marketplace\Freelancer_Marketplace.csproj", "{2C8397A2-16CE-458E-A1CF-A544A92314AD}"
EndProject
Global
	GlobalSection(SolutionConfigurationPlatforms) = preSolution
		Debug|Any CPU = Debug|Any CPU
		Release|Any CPU = Release|Any CPU
	EndGlobalSection
	GlobalSection(ProjectConfigurationPlatforms) = postSolution
		{2C8397A2-16CE-458E-A1CF-A544A92314AD}.Debug|Any CPU.ActiveCfg = Debug|Any CPU
		{2C8397A2-16CE-458E-A1CF-A544A92314AD}.Debug|Any CPU.Build.0 = Debug|Any CPU
		{2C8397A2-16CE-458E-A1CF-A544A92314AD}.Release|Any CPU.ActiveCfg = Release|Any CPU
		{2C8397A2-16CE-458E-A1CF-A544A92314AD}.Release|Any CPU.Build.0 = Release|Any CPU
	EndGlobalSection
	GlobalSection(SolutionProperties) = preSolution
		HideSolutionNode = FALSE
	EndGlobalSection
	GlobalSection(ExtensibilityGlobals) = postSolution
		SolutionGuid = {4D96748C-E2B1-4D2F-A73F-1CA69389912C}
	EndGlobalSection
EndGlobal
